// !$*UTF8*$!
{
	archiveVersion = 1;
	classes = {
	};
	objectVersion = 46;
	objects = {

/* Begin PBXBuildFile section */
		DB5DAC9F1D7CB37E00EFB55A /* AppDelegate.swift in Sources */ = {isa = PBXBuildFile; fileRef = DB5DAC9E1D7CB37E00EFB55A /* AppDelegate.swift */; };
		DB5DACA11D7CB37E00EFB55A /* ViewController.swift in Sources */ = {isa = PBXBuildFile; fileRef = DB5DACA01D7CB37E00EFB55A /* ViewController.swift */; };
		DB5DACA41D7CB37E00EFB55A /* Main.storyboard in Resources */ = {isa = PBXBuildFile; fileRef = DB5DACA21D7CB37E00EFB55A /* Main.storyboard */; };
		DB5DACA61D7CB37E00EFB55A /* Assets.xcassets in Resources */ = {isa = PBXBuildFile; fileRef = DB5DACA51D7CB37E00EFB55A /* Assets.xcassets */; };
		DB5DACA91D7CB37E00EFB55A /* LaunchScreen.storyboard in Resources */ = {isa = PBXBuildFile; fileRef = DB5DACA71D7CB37E00EFB55A /* LaunchScreen.storyboard */; };
/* End PBXBuildFile section */

/* Begin PBXFileReference section */
		DB5DAC9B1D7CB37E00EFB55A /* WorldTrotter.app */ = {isa = PBXFileReference; explicitFileType = wrapper.application; includeInIndex = 0; path = WorldTrotter.app; sourceTree = BUILT_PRODUCTS_DIR; };
		DB5DAC9E1D7CB37E00EFB55A /* AppDelegate.swift */ = {isa = PBXFileReference; lastKnownFileType = sourcecode.swift; path = AppDelegate.swift; sourceTree = "<group>"; };
		DB5DACA01D7CB37E00EFB55A /* ViewController.swift */ = {isa = PBXFileReference; lastKnownFileType = sourcecode.swift; path = ViewController.swift; sourceTree = "<group>"; };
		DB5DACA31D7CB37E00EFB55A /* Base */ = {isa = PBXFileReference; lastKnownFileType = file.storyboard; name = Base; path = Base.lproj/Main.storyboard; sourceTree = "<group>"; };
		DB5DACA51D7CB37E00EFB55A /* Assets.xcassets */ = {isa = PBXFileReference; lastKnownFileType = folder.assetcatalog; path = Assets.xcassets; sourceTree = "<group>"; };
		DB5DACA81D7CB37E00EFB55A /* Base */ = {isa = PBXFileReference; lastKnownFileType = file.storyboard; name = Base; path = Base.lproj/LaunchScreen.storyboard; sourceTree = "<group>"; };
		DB5DACAA1D7CB37E00EFB55A /* Info.plist */ = {isa = PBXFileReference; lastKnownFileType = text.plist.xml; path = Info.plist; sourceTree = "<group>"; };
/* End PBXFileReference section */

/* Begin PBXFrameworksBuildPhase section */
		DB5DAC981D7CB37E00EFB55A /* Frameworks */ = {
			isa = PBXFrameworksBuildPhase;
			buildActionMask = 2147483647;
			files = (
			);
			runOnlyForDeploymentPostprocessing = 0;
		};
/* End PBXFrameworksBuildPhase section */

/* Begin PBXGroup section */
		DB5DAC921D7CB37E00EFB55A = {
			isa = PBXGroup;
			children = (
				DB5DAC9D1D7CB37E00EFB55A /* WorldTrotter */,
				DB5DAC9C1D7CB37E00EFB55A /* Products */,
			);
			sourceTree = "<group>";
		};
		DB5DAC9C1D7CB37E00EFB55A /* Products */ = {
			isa = PBXGroup;
			children = (
				DB5DAC9B1D7CB37E00EFB55A /* WorldTrotter.app */,
			);
			name = Products;
			sourceTree = "<group>";
		};
		DB5DAC9D1D7CB37E00EFB55A /* WorldTrotter */ = {
			isa = PBXGroup;
			children = (
				DB5DAC9E1D7CB37E00EFB55A /* AppDelegate.swift */,
				DB5DACA01D7CB37E00EFB55A /* ViewController.swift */,
				DB5DACA21D7CB37E00EFB55A /* Main.storyboard */,
				DB5DACA51D7CB37E00EFB55A /* Assets.xcassets */,
				DB5DACA71D7CB37E00EFB55A /* LaunchScreen.storyboard */,
				DB5DACAA1D7CB37E00EFB55A /* Info.plist */,
			);
			path = WorldTrotter;
			sourceTree = "<group>";
		};
/* End PBXGroup section */

/* Begin PBXNativeTarget section */
		DB5DAC9A1D7CB37E00EFB55A /* WorldTrotter */ = {
			isa = PBXNativeTarget;
			buildConfigurationList = DB5DACAD1D7CB37E00EFB55A /* Build configuration list for PBXNativeTarget "WorldTrotter" */;
			buildPhases = (
				DB5DAC971D7CB37E00EFB55A /* Sources */,
				DB5DAC981D7CB37E00EFB55A /* Frameworks */,
				DB5DAC991D7CB37E00EFB55A /* Resources */,
			);
			buildRules = (
			);
			dependencies = (
			);
			name = WorldTrotter;
			productName = WorldTrotter;
			productReference = DB5DAC9B1D7CB37E00EFB55A /* WorldTrotter.app */;
			productType = "com.apple.product-type.application";
		};
/* End PBXNativeTarget section */

/* Begin PBXProject section */
		DB5DAC931D7CB37E00EFB55A /* Project object */ = {
			isa = PBXProject;
			attributes = {
				LastSwiftUpdateCheck = 0730;
				LastUpgradeCheck = 0730;
				ORGANIZATIONNAME = "Yemi Ajibola";
				TargetAttributes = {
					DB5DAC9A1D7CB37E00EFB55A = {
						CreatedOnToolsVersion = 7.3;
					};
				};
			};
			buildConfigurationList = DB5DAC961D7CB37E00EFB55A /* Build configuration list for PBXProject "WorldTrotter" */;
			compatibilityVersion = "Xcode 3.2";
			developmentRegion = English;
			hasScannedForEncodings = 0;
			knownRegions = (
				en,
				Base,
			);
			mainGroup = DB5DAC921D7CB37E00EFB55A;
			productRefGroup = DB5DAC9C1D7CB37E00EFB55A /* Products */;
			projectDirPath = "";
			projectRoot = "";
			targets = (
				DB5DAC9A1D7CB37E00EFB55A /* WorldTrotter */,
			);
		};
/* End PBXProject section */

/* Begin PBXResourcesBuildPhase section */
		DB5DAC991D7CB37E00EFB55A /* Resources */ = {
			isa = PBXResourcesBuildPhase;
			buildActionMask = 2147483647;
			files = (
				DB5DACA91D7CB37E00EFB55A /* LaunchScreen.storyboard in Resources */,
				DB5DACA61D7CB37E00EFB55A /* Assets.xcassets in Resources */,
				DB5DACA41D7CB37E00EFB55A /* Main.storyboard in Resources */,
			);
			runOnlyForDeploymentPostprocessing = 0;
		};
/* End PBXResourcesBuildPhase section */

/* Begin PBXSourcesBuildPhase section */
		DB5DAC971D7CB37E00EFB55A /* Sources */ = {
			isa = PBXSourcesBuildPhase;
			buildActionMask = 2147483647;
			files = (
				DB5DACA11D7CB37E00EFB55A /* ViewController.swift in Sources */,
				DB5DAC9F1D7CB37E00EFB55A /* AppDelegate.swift in Sources */,
			);
			runOnlyForDeploymentPostprocessing = 0;
		};
/* End PBXSourcesBuildPhase section */

/* Begin PBXVariantGroup section */
		DB5DACA21D7CB37E00EFB55A /* Main.storyboard */ = {
			isa = PBXVariantGroup;
			children = (
				DB5DACA31D7CB37E00EFB55A /* Base */,
			);
			name = Main.storyboard;
			sourceTree = "<group>";
		};
		DB5DACA71D7CB37E00EFB55A /* LaunchScreen.storyboard */ = {
			isa = PBXVariantGroup;
			children = (
				DB5DACA81D7CB37E00EFB55A /* Base */,
			);
			name = LaunchScreen.storyboard;
			sourceTree = "<group>";
		};
/* End PBXVariantGroup section */

/* Begin XCBuildConfiguration section */
		DB5DACAB1D7CB37E00EFB55A /* Debug */ = {
			isa = XCBuildConfiguration;
			buildSettings = {
				ALWAYS_SEARCH_USER_PATHS = NO;
				CLANG_ANALYZER_NONNULL = YES;
				CLANG_CXX_LANGUAGE_STANDARD = "gnu++0x";
				CLANG_CXX_LIBRARY = "libc++";
				CLANG_ENABLE_MODULES = YES;
				CLANG_ENABLE_OBJC_ARC = YES;
				CLANG_WARN_BOOL_CONVERSION = YES;
				CLANG_WARN_CONSTANT_CONVERSION = YES;
				CLANG_WARN_DIRECT_OBJC_ISA_USAGE = YES_ERROR;
				CLANG_WARN_EMPTY_BODY = YES;
				CLANG_WARN_ENUM_CONVERSION = YES;
				CLANG_WARN_INT_CONVERSION = YES;
				CLANG_WARN_OBJC_ROOT_CLASS = YES_ERROR;
				CLANG_WARN_UNREACHABLE_CODE = YES;
				CLANG_WARN__DUPLICATE_METHOD_MATCH = YES;
				"CODE_SIGN_IDENTITY[sdk=iphoneos*]" = "iPhone Developer";
				COPY_PHASE_STRIP = NO;
				DEBUG_INFORMATION_FORMAT = dwarf;
				ENABLE_STRICT_OBJC_MSGSEND = YES;
				ENABLE_TESTABILITY = YES;
				GCC_C_LANGUAGE_STANDARD = gnu99;
				GCC_DYNAMIC_NO_PIC = NO;
				GCC_NO_COMMON_BLOCKS = YES;
				GCC_OPTIMIZATION_LEVEL = 0;
				GCC_PREPROCESSOR_DEFINITIONS = (
					"DEBUG=1",
					"$(inherited)",
				);
				GCC_WARN_64_TO_32_BIT_CONVERSION = YES;
				GCC_WARN_ABOUT_RETURN_TYPE = YES_ERROR;
				GCC_WARN_UNDECLARED_SELECTOR = YES;
				GCC_WARN_UNINITIALIZED_AUTOS = YES_AGGRESSIVE;
				GCC_WARN_UNUSED_FUNCTION = YES;
				GCC_WARN_UNUSED_VARIABLE = YES;
				IPHONEOS_DEPLOYMENT_TARGET = 9.3;
				MTL_ENABLE_DEBUG_INFO = YES;
				ONLY_ACTIVE_ARCH = YES;
				SDKROOT = iphoneos;
				SWIFT_OPTIMIZATION_LEVEL = "-Onone";
			};
			name = Debug;
		};
		DB5DACAC1D7CB37E00EFB55A /* Release */ = {
			isa = XCBuildConfiguration;
			buildSettings = {
				ALWAYS_SEARCH_USER_PATHS = NO;
				CLANG_ANALYZER_NONNULL = YES;
				CLANG_CXX_LANGUAGE_STANDARD = "gnu++0x";
				CLANG_CXX_LIBRARY = "libc++";
				CLANG_ENABLE_MODULES = YES;
				CLANG_ENABLE_OBJC_ARC = YES;
				CLANG_WARN_BOOL_CONVERSION = YES;
				CLANG_WARN_CONSTANT_CONVERSION = YES;
				CLANG_WARN_DIRECT_OBJC_ISA_USAGE = YES_ERROR;
				CLANG_WARN_EMPTY_BODY = YES;
				CLANG_WARN_ENUM_CONVERSION = YES;
				CLANG_WARN_INT_CONVERSION = YES;
				CLANG_WARN_OBJC_ROOT_CLASS = YES_ERROR;
				CLANG_WARN_UNREACHABLE_CODE = YES;
				CLANG_WARN__DUPLICATE_METHOD_MATCH = YES;
				"CODE_SIGN_IDENTITY[sdk=iphoneos*]" = "iPhone Developer";
				COPY_PHASE_STRIP = NO;
				DEBUG_INFORMATION_FORMAT = "dwarf-with-dsym";
				ENABLE_NS_ASSERTIONS = NO;
				ENABLE_STRICT_OBJC_MSGSEND = YES;
				GCC_C_LANGUAGE_STANDARD = gnu99;
				GCC_NO_COMMON_BLOCKS = YES;
				GCC_WARN_64_TO_32_BIT_CONVERSION = YES;
				GCC_WARN_ABOUT_RETURN_TYPE = YES_ERROR;
				GCC_WARN_UNDECLARED_SELECTOR = YES;
				GCC_WARN_UNINITIALIZED_AUTOS = YES_AGGRESSIVE;
				GCC_WARN_UNUSED_FUNCTION = YES;
				GCC_WARN_UNUSED_VARIABLE = YES;
				IPHONEOS_DEPLOYMENT_TARGET = 9.3;
				MTL_ENABLE_DEBUG_INFO = NO;
				SDKROOT = iphoneos;
				VALIDATE_PRODUCT = YES;
			};
			name = Release;
		};
		DB5DACAE1D7CB37E00EFB55A /* Debug */ = {
			isa = XCBuildConfiguration;
			buildSettings = {
				ASSETCATALOG_COMPILER_APPICON_NAME = AppIcon;
				INFOPLIST_FILE = WorldTrotter/Info.plist;
				LD_RUNPATH_SEARCH_PATHS = "$(inherited) @executable_path/Frameworks";
				PRODUCT_BUNDLE_IDENTIFIER = com.YemiAjibola.WorldTrotter;
				PRODUCT_NAME = "$(TARGET_NAME)";
			};
			name = Debug;
		};
		DB5DACAF1D7CB37E00EFB55A /* Release */ = {
			isa = XCBuildConfiguration;
			buildSettings = {
				ASSETCATALOG_COMPILER_APPICON_NAME = AppIcon;
				INFOPLIST_FILE = WorldTrotter/Info.plist;
				LD_RUNPATH_SEARCH_PATHS = "$(inherited) @executable_path/Frameworks";
				PRODUCT_BUNDLE_IDENTIFIER = com.YemiAjibola.WorldTrotter;
				PRODUCT_NAME = "$(TARGET_NAME)";
			};
			name = Release;
		};
/* End XCBuildConfiguration section */

/* Begin XCConfigurationList section */
		DB5DAC961D7CB37E00EFB55A /* Build configuration list for PBXProject "WorldTrotter" */ = {
			isa = XCConfigurationList;
			buildConfigurations = (
				DB5DACAB1D7CB37E00EFB55A /* Debug */,
				DB5DACAC1D7CB37E00EFB55A /* Release */,
			);
			defaultConfigurationIsVisible = 0;
			defaultConfigurationName = Release;
		};
		DB5DACAD1D7CB37E00EFB55A /* Build configuration list for PBXNativeTarget "WorldTrotter" */ = {
			isa = XCConfigurationList;
			buildConfigurations = (
				DB5DACAE1D7CB37E00EFB55A /* Debug */,
				DB5DACAF1D7CB37E00EFB55A /* Release */,
			);
			defaultConfigurationIsVisible = 0;
		};
/* End XCConfigurationList section */
	};
	rootObject = DB5DAC931D7CB37E00EFB55A /* Project object */;
}
